
Microsoft Visual Studio Solution File, Format Version 12.00
# Visual Studio Version 16
VisualStudioVersion = 16.0.31005.135
MinimumVisualStudioVersion = 10.0.40219.1
Project("{2150E333-8FDC-42A3-9474-1A3956D46DE8}") = "src", "src", "{662900AE-5B30-464B-840F-FC76E964855E}"
	ProjectSection(SolutionItems) = preProject
		readme.txt = readme.txt
	EndProjectSection
EndProject
Project("{2150E333-8FDC-42A3-9474-1A3956D46DE8}") = "Desktop", "Desktop", "{90D0F4B3-280D-4F6C-BFF2-464EEA272ECA}"
EndProject
Project("{2150E333-8FDC-42A3-9474-1A3956D46DE8}") = "Service", "Service", "{9BBB1B47-7CD8-4B5E-A595-39FE64732D7F}"
EndProject
Project("{2150E333-8FDC-42A3-9474-1A3956D46DE8}") = "BuildingBlocks", "BuildingBlocks", "{CDB5E6DC-16FB-4FE4-AF49-632ECDB6A28D}"
EndProject
Project("{FAE04EC0-301F-11D3-BF4B-00C04F79EFBC}") = "DiamondTrade.API", "src\Service\DiamondTrade.API\DiamondTrade.API.csproj", "{AFFD71ED-90F6-48D2-881A-41ABE350B639}"
EndProject
Project("{2150E333-8FDC-42A3-9474-1A3956D46DE8}") = "Mobile", "Mobile", "{ED0314C5-F8E6-4100-AB0B-4A78626C853B}"
EndProject
Project("{2150E333-8FDC-42A3-9474-1A3956D46DE8}") = "EFCore.Support", "EFCore.Support", "{034FDF9C-A038-400D-98BF-DD62BE8E0451}"
EndProject
Project("{FAE04EC0-301F-11D3-BF4B-00C04F79EFBC}") = "EFCore.SQL", "src\BuildingBlocks\EFCore.Support\EFCore.SQL\EFCore.SQL.csproj", "{B4028C1E-59F7-43C0-BB8A-5F6974ABFA96}"
EndProject
Project("{FAE04EC0-301F-11D3-BF4B-00C04F79EFBC}") = "Repository.Entities", "src\BuildingBlocks\EFCore.Support\Repository.Entities\Repository.Entities.csproj", "{0AE26C14-A0AC-4B61-A8D2-A0E42177583C}"
EndProject
Project("{2150E333-8FDC-42A3-9474-1A3956D46DE8}") = "functionalTest", "functionalTest", "{AD01DFA4-F6CF-484C-90A9-536C599C24BF}"
EndProject
Project("{FAE04EC0-301F-11D3-BF4B-00C04F79EFBC}") = "DBTest", "src\BuildingBlocks\EFCore.Support\functionalTest\DBTest\DBTest.csproj", "{3E8BB287-C781-409C-8741-5D3D7DD4EFB2}"
EndProject
Global
	GlobalSection(SolutionConfigurationPlatforms) = preSolution
		Debug|Any CPU = Debug|Any CPU
		Release|Any CPU = Release|Any CPU
	EndGlobalSection
	GlobalSection(ProjectConfigurationPlatforms) = postSolution
		{AFFD71ED-90F6-48D2-881A-41ABE350B639}.Debug|Any CPU.ActiveCfg = Debug|Any CPU
		{AFFD71ED-90F6-48D2-881A-41ABE350B639}.Debug|Any CPU.Build.0 = Debug|Any CPU
		{AFFD71ED-90F6-48D2-881A-41ABE350B639}.Release|Any CPU.ActiveCfg = Release|Any CPU
		{AFFD71ED-90F6-48D2-881A-41ABE350B639}.Release|Any CPU.Build.0 = Release|Any CPU
		{B4028C1E-59F7-43C0-BB8A-5F6974ABFA96}.Debug|Any CPU.ActiveCfg = Debug|Any CPU
		{B4028C1E-59F7-43C0-BB8A-5F6974ABFA96}.Debug|Any CPU.Build.0 = Debug|Any CPU
		{B4028C1E-59F7-43C0-BB8A-5F6974ABFA96}.Release|Any CPU.ActiveCfg = Release|Any CPU
		{B4028C1E-59F7-43C0-BB8A-5F6974ABFA96}.Release|Any CPU.Build.0 = Release|Any CPU
		{0AE26C14-A0AC-4B61-A8D2-A0E42177583C}.Debug|Any CPU.ActiveCfg = Debug|Any CPU
		{0AE26C14-A0AC-4B61-A8D2-A0E42177583C}.Debug|Any CPU.Build.0 = Debug|Any CPU
		{0AE26C14-A0AC-4B61-A8D2-A0E42177583C}.Release|Any CPU.ActiveCfg = Release|Any CPU
		{0AE26C14-A0AC-4B61-A8D2-A0E42177583C}.Release|Any CPU.Build.0 = Release|Any CPU
		{3E8BB287-C781-409C-8741-5D3D7DD4EFB2}.Debug|Any CPU.ActiveCfg = Debug|Any CPU
		{3E8BB287-C781-409C-8741-5D3D7DD4EFB2}.Debug|Any CPU.Build.0 = Debug|Any CPU
		{3E8BB287-C781-409C-8741-5D3D7DD4EFB2}.Release|Any CPU.ActiveCfg = Release|Any CPU
		{3E8BB287-C781-409C-8741-5D3D7DD4EFB2}.Release|Any CPU.Build.0 = Release|Any CPU
	EndGlobalSection
	GlobalSection(SolutionProperties) = preSolution
		HideSolutionNode = FALSE
	EndGlobalSection
	GlobalSection(NestedProjects) = preSolution
		{90D0F4B3-280D-4F6C-BFF2-464EEA272ECA} = {662900AE-5B30-464B-840F-FC76E964855E}
		{9BBB1B47-7CD8-4B5E-A595-39FE64732D7F} = {662900AE-5B30-464B-840F-FC76E964855E}
		{CDB5E6DC-16FB-4FE4-AF49-632ECDB6A28D} = {662900AE-5B30-464B-840F-FC76E964855E}
		{AFFD71ED-90F6-48D2-881A-41ABE350B639} = {9BBB1B47-7CD8-4B5E-A595-39FE64732D7F}
		{ED0314C5-F8E6-4100-AB0B-4A78626C853B} = {662900AE-5B30-464B-840F-FC76E964855E}
		{034FDF9C-A038-400D-98BF-DD62BE8E0451} = {CDB5E6DC-16FB-4FE4-AF49-632ECDB6A28D}
		{B4028C1E-59F7-43C0-BB8A-5F6974ABFA96} = {034FDF9C-A038-400D-98BF-DD62BE8E0451}
		{0AE26C14-A0AC-4B61-A8D2-A0E42177583C} = {034FDF9C-A038-400D-98BF-DD62BE8E0451}
		{AD01DFA4-F6CF-484C-90A9-536C599C24BF} = {034FDF9C-A038-400D-98BF-DD62BE8E0451}
		{3E8BB287-C781-409C-8741-5D3D7DD4EFB2} = {AD01DFA4-F6CF-484C-90A9-536C599C24BF}
	EndGlobalSection
	GlobalSection(ExtensibilityGlobals) = postSolution
		SolutionGuid = {84A0CA65-6A4E-446E-AEA0-2CC3AE08447F}
	EndGlobalSection
EndGlobal
